
Microsoft Visual Studio Solution File, Format Version 12.00
# Visual Studio Version 17
VisualStudioVersion = 17.7.34009.444
MinimumVisualStudioVersion = 10.0.40219.1
Project("{9A19103F-16F7-4668-BE54-9A1E7A4F7556}") = "DataAccess", "DataAccess\DataAccess.csproj", "{CFC9A1F0-6B30-4F52-8A84-9EFF5D99FF9D}"
EndProject
Project("{9A19103F-16F7-4668-BE54-9A1E7A4F7556}") = "Business", "Business\Business.csproj", "{B509C432-F850-44CA-A21F-3A21CB2A2E0B}"
EndProject
Project("{9A19103F-16F7-4668-BE54-9A1E7A4F7556}") = "Entities", "Entities\Entities.csproj", "{61A46155-57DE-4AF3-9355-AB8FAC860D9B}"
EndProject
Project("{9A19103F-16F7-4668-BE54-9A1E7A4F7556}") = "ConsoleUI", "ConsoleUI\ConsoleUI.csproj", "{1C94D709-B746-4420-B542-ED0E3E293910}"
EndProject
Project("{9A19103F-16F7-4668-BE54-9A1E7A4F7556}") = "Core", "Core\Core.csproj", "{B05E7456-AC8F-4329-BBCA-F3988E7E7DAF}"
EndProject
Project("{FAE04EC0-301F-11D3-BF4B-00C04F79EFBC}") = "WebAPI", "WebAPI\WebAPI.csproj", "{E930C6A9-7036-4519-AC71-19359C0A524D}"
EndProject
Global
	GlobalSection(SolutionConfigurationPlatforms) = preSolution
		Debug|Any CPU = Debug|Any CPU
		Release|Any CPU = Release|Any CPU
	EndGlobalSection
	GlobalSection(ProjectConfigurationPlatforms) = postSolution
		{CFC9A1F0-6B30-4F52-8A84-9EFF5D99FF9D}.Debug|Any CPU.ActiveCfg = Debug|Any CPU
		{CFC9A1F0-6B30-4F52-8A84-9EFF5D99FF9D}.Debug|Any CPU.Build.0 = Debug|Any CPU
		{CFC9A1F0-6B30-4F52-8A84-9EFF5D99FF9D}.Release|Any CPU.ActiveCfg = Release|Any CPU
		{CFC9A1F0-6B30-4F52-8A84-9EFF5D99FF9D}.Release|Any CPU.Build.0 = Release|Any CPU
		{B509C432-F850-44CA-A21F-3A21CB2A2E0B}.Debug|Any CPU.ActiveCfg = Debug|Any CPU
		{B509C432-F850-44CA-A21F-3A21CB2A2E0B}.Debug|Any CPU.Build.0 = Debug|Any CPU
		{B509C432-F850-44CA-A21F-3A21CB2A2E0B}.Release|Any CPU.ActiveCfg = Release|Any CPU
		{B509C432-F850-44CA-A21F-3A21CB2A2E0B}.Release|Any CPU.Build.0 = Release|Any CPU
		{61A46155-57DE-4AF3-9355-AB8FAC860D9B}.Debug|Any CPU.ActiveCfg = Debug|Any CPU
		{61A46155-57DE-4AF3-9355-AB8FAC860D9B}.Debug|Any CPU.Build.0 = Debug|Any CPU
		{61A46155-57DE-4AF3-9355-AB8FAC860D9B}.Release|Any CPU.ActiveCfg = Release|Any CPU
		{61A46155-57DE-4AF3-9355-AB8FAC860D9B}.Release|Any CPU.Build.0 = Release|Any CPU
		{1C94D709-B746-4420-B542-ED0E3E293910}.Debug|Any CPU.ActiveCfg = Debug|Any CPU
		{1C94D709-B746-4420-B542-ED0E3E293910}.Debug|Any CPU.Build.0 = Debug|Any CPU
		{1C94D709-B746-4420-B542-ED0E3E293910}.Release|Any CPU.ActiveCfg = Release|Any CPU
		{1C94D709-B746-4420-B542-ED0E3E293910}.Release|Any CPU.Build.0 = Release|Any CPU
		{B05E7456-AC8F-4329-BBCA-F3988E7E7DAF}.Debug|Any CPU.ActiveCfg = Debug|Any CPU
		{B05E7456-AC8F-4329-BBCA-F3988E7E7DAF}.Debug|Any CPU.Build.0 = Debug|Any CPU
		{B05E7456-AC8F-4329-BBCA-F3988E7E7DAF}.Release|Any CPU.ActiveCfg = Release|Any CPU
		{B05E7456-AC8F-4329-BBCA-F3988E7E7DAF}.Release|Any CPU.Build.0 = Release|Any CPU
		{E930C6A9-7036-4519-AC71-19359C0A524D}.Debug|Any CPU.ActiveCfg = Debug|Any CPU
		{E930C6A9-7036-4519-AC71-19359C0A524D}.Debug|Any CPU.Build.0 = Debug|Any CPU
		{E930C6A9-7036-4519-AC71-19359C0A524D}.Release|Any CPU.ActiveCfg = Release|Any CPU
		{E930C6A9-7036-4519-AC71-19359C0A524D}.Release|Any CPU.Build.0 = Release|Any CPU
	EndGlobalSection
	GlobalSection(SolutionProperties) = preSolution
		HideSolutionNode = FALSE
	EndGlobalSection
	GlobalSection(ExtensibilityGlobals) = postSolution
		SolutionGuid = {0CB021E8-17DB-473C-B02D-91C2BA3B8F4C}
	EndGlobalSection
EndGlobal
